
Microsoft Visual Studio Solution File, Format Version 12.00
# Visual Studio Version 17
VisualStudioVersion = 17.12.35209.166
MinimumVisualStudioVersion = 10.0.40219.1
Project("{9A19103F-16F7-4668-BE54-9A1E7A4F7556}") = "FuelPriceWizard.API", "FuelPriceWizzard.API\FuelPriceWizard.API.csproj", "{E53B3790-D032-43AF-9FE0-BD4DB0000635}"
EndProject
Project("{9A19103F-16F7-4668-BE54-9A1E7A4F7556}") = "FuelPriceWizard.BusinessLogic", "FuelPriceWizzard.BusinessLogic\FuelPriceWizard.BusinessLogic.csproj", "{6DC27005-E8BB-4CBE-8490-75906AC42CA0}"
EndProject
Project("{9A19103F-16F7-4668-BE54-9A1E7A4F7556}") = "FuelPriceWizard.DataAccess", "FuelPriceWizard.DataAccess\FuelPriceWizard.DataAccess.csproj", "{5618D5C7-C6D4-45EC-AB09-8503AD31F1A5}"
EndProject
Project("{FAE04EC0-301F-11D3-BF4B-00C04F79EFBC}") = "FuelPriceWizard.DataCollector", "FuelPriceWizard.DataCollector\FuelPriceWizard.DataCollector.csproj", "{258C2774-E22D-4A17-B434-D767848E4F58}"
EndProject
Project("{FAE04EC0-301F-11D3-BF4B-00C04F79EFBC}") = "MockUpFuelPriceSourceImplementation", "MockUpFuelPriceSourceImplementation\MockUpFuelPriceSourceImplementation.csproj", "{2B9BEE3E-A34C-4CC0-A334-7FBCDDD41399}"
EndProject
Global
	GlobalSection(SolutionConfigurationPlatforms) = preSolution
		Debug|Any CPU = Debug|Any CPU
		Release|Any CPU = Release|Any CPU
	EndGlobalSection
	GlobalSection(ProjectConfigurationPlatforms) = postSolution
		{E53B3790-D032-43AF-9FE0-BD4DB0000635}.Debug|Any CPU.ActiveCfg = Debug|Any CPU
		{E53B3790-D032-43AF-9FE0-BD4DB0000635}.Debug|Any CPU.Build.0 = Debug|Any CPU
		{E53B3790-D032-43AF-9FE0-BD4DB0000635}.Release|Any CPU.ActiveCfg = Release|Any CPU
		{E53B3790-D032-43AF-9FE0-BD4DB0000635}.Release|Any CPU.Build.0 = Release|Any CPU
		{6DC27005-E8BB-4CBE-8490-75906AC42CA0}.Debug|Any CPU.ActiveCfg = Debug|Any CPU
		{6DC27005-E8BB-4CBE-8490-75906AC42CA0}.Debug|Any CPU.Build.0 = Debug|Any CPU
		{6DC27005-E8BB-4CBE-8490-75906AC42CA0}.Release|Any CPU.ActiveCfg = Release|Any CPU
		{6DC27005-E8BB-4CBE-8490-75906AC42CA0}.Release|Any CPU.Build.0 = Release|Any CPU
		{5618D5C7-C6D4-45EC-AB09-8503AD31F1A5}.Debug|Any CPU.ActiveCfg = Debug|Any CPU
		{5618D5C7-C6D4-45EC-AB09-8503AD31F1A5}.Debug|Any CPU.Build.0 = Debug|Any CPU
		{5618D5C7-C6D4-45EC-AB09-8503AD31F1A5}.Release|Any CPU.ActiveCfg = Release|Any CPU
		{5618D5C7-C6D4-45EC-AB09-8503AD31F1A5}.Release|Any CPU.Build.0 = Release|Any CPU
		{258C2774-E22D-4A17-B434-D767848E4F58}.Debug|Any CPU.ActiveCfg = Debug|Any CPU
		{258C2774-E22D-4A17-B434-D767848E4F58}.Debug|Any CPU.Build.0 = Debug|Any CPU
		{258C2774-E22D-4A17-B434-D767848E4F58}.Release|Any CPU.ActiveCfg = Release|Any CPU
		{258C2774-E22D-4A17-B434-D767848E4F58}.Release|Any CPU.Build.0 = Release|Any CPU
		{2B9BEE3E-A34C-4CC0-A334-7FBCDDD41399}.Debug|Any CPU.ActiveCfg = Debug|Any CPU
		{2B9BEE3E-A34C-4CC0-A334-7FBCDDD41399}.Debug|Any CPU.Build.0 = Debug|Any CPU
		{2B9BEE3E-A34C-4CC0-A334-7FBCDDD41399}.Release|Any CPU.ActiveCfg = Release|Any CPU
		{2B9BEE3E-A34C-4CC0-A334-7FBCDDD41399}.Release|Any CPU.Build.0 = Release|Any CPU
	EndGlobalSection
	GlobalSection(SolutionProperties) = preSolution
		HideSolutionNode = FALSE
	EndGlobalSection
	GlobalSection(ExtensibilityGlobals) = postSolution
		SolutionGuid = {63515711-9563-47D1-8C6C-2CF59CD194D6}
	EndGlobalSection
EndGlobal
